GIT
  remote: https://github.com/cyberarm/ffi-enet.git
  revision: 3a695ca3a323e70af79e96ca3f389e618c5b6d2c
  specs:
    ffi-enet (0.1.0)
      ffi (~> 1.15)

GEM
  remote: https://rubygems.org/
  specs:
    cyberarm_engine (0.24.5)
      gosu (~> 1.1)
    digest-crc (0.7.0)
      rake (>= 12.0.0, < 14.0.0)
    ffi (1.17.2-x64-mingw-ucrt)
    ffi (1.17.2-x86_64-linux-gnu)
    gosu (1.4.6)
    rake (13.3.1)

PLATFORMS
  x64-mingw-ucrt
  x86_64-linux

DEPENDENCIES
  cyberarm_engine
  digest-crc
  ffi-enet!

BUNDLED WITH
   2.6.9
